version: 6
environments:
  default:
    channels:
    - url: https://conda.anaconda.org/conda-forge/
    indexes:
    - https://pypi.org/simple
    options:
      pypi-prerelease-mode: if-necessary-or-explicit
    packages:
      osx-arm64:
      - conda: https://conda.anaconda.org/conda-forge/osx-arm64/bzip2-1.0.8-hd037594_8.conda
      - conda: https://conda.anaconda.org/conda-forge/noarch/ca-certificates-2026.1.4-hbd8a1cb_0.conda
      - conda: https://conda.anaconda.org/conda-forge/osx-arm64/cairo-1.16.0-h73a0509_1014.tar.bz2
      - conda: https://conda.anaconda.org/conda-forge/osx-arm64/expat-2.7.3-haf25636_0.conda
      - conda: https://conda.anaconda.org/conda-forge/noarch/font-ttf-dejavu-sans-mono-2.37-hab24e00_0.tar.bz2
      - conda: https://conda.anaconda.org/conda-forge/noarch/font-ttf-inconsolata-3.000-h77eed37_0.tar.bz2
      - conda: https://conda.anaconda.org/conda-forge/noarch/font-ttf-source-code-pro-2.038-h77eed37_0.tar.bz2
      - conda: https://conda.anaconda.org/conda-forge/noarch/font-ttf-ubuntu-0.83-h77eed37_3.conda
      - conda: https://conda.anaconda.org/conda-forge/osx-arm64/fontconfig-2.14.2-h82840c6_0.conda
      - conda: https://conda.anaconda.org/conda-forge/noarch/fonts-conda-ecosystem-1-0.tar.bz2
      - conda: https://conda.anaconda.org/conda-forge/noarch/fonts-conda-forge-1-hc364b38_1.conda
      - conda: https://conda.anaconda.org/conda-forge/osx-arm64/freetype-2.12.1-hadb7bae_2.conda
      - conda: https://conda.anaconda.org/conda-forge/osx-arm64/icu-70.1-h6b3803e_0.tar.bz2
      - conda: https://conda.anaconda.org/conda-forge/osx-arm64/krb5-1.17.2-h17618d6_0.tar.bz2
      - conda: https://conda.anaconda.org/conda-forge/osx-arm64/libcxx-21.1.8-hf598326_0.conda
      - conda: https://conda.anaconda.org/conda-forge/osx-arm64/libedit-3.1.20250104-pl5321hafb1f1b_0.conda
      - conda: https://conda.anaconda.org/conda-forge/osx-arm64/libexpat-2.7.3-haf25636_0.conda
      - conda: https://conda.anaconda.org/conda-forge/osx-arm64/libffi-3.5.2-he5f378a_0.conda
      - conda: https://conda.anaconda.org/conda-forge/osx-arm64/libglib-2.80.2-h535f939_0.conda
      - conda: https://conda.anaconda.org/conda-forge/osx-arm64/libiconv-1.18-h23cfdf5_2.conda
      - conda: https://conda.anaconda.org/conda-forge/osx-arm64/libintl-0.25.1-h493aca8_0.conda
      - conda: https://conda.anaconda.org/conda-forge/osx-arm64/liblzma-5.8.1-h39f12f2_2.conda
      - conda: https://conda.anaconda.org/conda-forge/osx-arm64/liblzma-devel-5.8.1-h39f12f2_2.conda
      - conda: https://conda.anaconda.org/conda-forge/osx-arm64/libpng-1.6.43-h091b4b1_0.conda
      - conda: https://conda.anaconda.org/conda-forge/osx-arm64/libpq-12.3-h022277a_3.tar.bz2
      - conda: https://conda.anaconda.org/conda-forge/osx-arm64/libsqlite-3.46.0-hfb93653_0.conda
      - conda: https://conda.anaconda.org/conda-forge/osx-arm64/libuv-1.44.2-hb547adb_1.conda
      - conda: https://conda.anaconda.org/conda-forge/osx-arm64/libxml2-2.10.3-h67585b2_4.conda
      - conda: https://conda.anaconda.org/conda-forge/osx-arm64/libzlib-1.2.13-hfb2fe0b_6.conda
      - conda: https://conda.anaconda.org/conda-forge/osx-arm64/ncurses-6.5-h5e97a16_3.conda
      - conda: https://conda.anaconda.org/conda-forge/osx-arm64/nodejs-18.12.1-haa6f3e8_0.tar.bz2
      - conda: https://conda.anaconda.org/conda-forge/osx-arm64/openbabel-3.1.1-py311h6cc52c5_5.tar.bz2
      - conda: https://conda.anaconda.org/conda-forge/osx-arm64/openssl-1.1.1w-h53f4e23_0.conda
      - conda: https://conda.anaconda.org/conda-forge/osx-arm64/pcre2-10.43-h26f9a81_0.conda
      - conda: https://conda.anaconda.org/conda-forge/osx-arm64/pixman-0.46.4-h81086ad_1.conda
      - conda: https://conda.anaconda.org/conda-forge/osx-arm64/postgresql-12.3-h3cf2113_3.tar.bz2
      - conda: https://conda.anaconda.org/conda-forge/osx-arm64/python-3.11.0-hf452327_1_cpython.conda
      - conda: https://conda.anaconda.org/conda-forge/noarch/python_abi-3.11-8_cp311.conda
      - conda: https://conda.anaconda.org/conda-forge/osx-arm64/readline-8.3-h46df422_0.conda
      - conda: https://conda.anaconda.org/conda-forge/osx-arm64/tk-8.6.13-h5083fa2_1.conda
      - conda: https://conda.anaconda.org/conda-forge/osx-arm64/tzcode-2025c-hc919400_0.conda
      - conda: https://conda.anaconda.org/conda-forge/noarch/tzdata-2025c-hc9c84f9_1.conda
      - conda: https://conda.anaconda.org/conda-forge/osx-arm64/xz-5.8.1-h9a6d368_2.conda
      - conda: https://conda.anaconda.org/conda-forge/osx-arm64/xz-gpl-tools-5.8.1-h9a6d368_2.conda
      - conda: https://conda.anaconda.org/conda-forge/osx-arm64/xz-tools-5.8.1-h39f12f2_2.conda
      - conda: https://conda.anaconda.org/conda-forge/osx-arm64/zlib-1.2.13-hfb2fe0b_6.conda
      - pypi: https://files.pythonhosted.org/packages/46/3e/51e7914c8a640548d1b980140b1bd1419c169bee300a556cfd7f4175444d/gemmi-0.7.4-cp311-cp311-macosx_11_0_arm64.whl
      - pypi: https://files.pythonhosted.org/packages/aa/18/a8444036c6dd65ba3624c63b734d3ba95ba63ace513078e1580590075d21/pastel-0.2.1-py2.py3-none-any.whl
      - pypi: https://files.pythonhosted.org/packages/fb/bc/73327d12b176abea7a3c6c7d760e1a953992f7b59d72c0354e39d7a353b5/poethepoet-0.40.0-py3-none-any.whl
      - pypi: https://files.pythonhosted.org/packages/16/19/13de8e4377ed53079ee996e1ab0a9c33ec2faf808a4647b7b4c0d46dd239/pyyaml-6.0.3-cp311-cp311-macosx_11_0_arm64.whl
      - pypi: https://files.pythonhosted.org/packages/1b/9e/0cc2f1be7a7d33cae541824cf3f95b4ff40d03557b575912b5b70273c9ec/ruff-0.14.11-py3-none-macosx_11_0_arm64.whl
      - pypi: https://files.pythonhosted.org/packages/d0/30/dc54f88dd4a2b5dc8a0279bdd7270e735851848b762aeb1c1184ed1f6b14/tqdm-4.67.1-py3-none-any.whl
      - pypi: https://files.pythonhosted.org/packages/e1/9c/f576e360441de7a8201daa6dc4ebc362853bc5305e059cceeb02ebdd9a48/ty-0.0.12-py3-none-macosx_11_0_arm64.whl
packages:
- conda: https://conda.anaconda.org/conda-forge/osx-arm64/bzip2-1.0.8-hd037594_8.conda
  sha256: b456200636bd5fecb2bec63f7e0985ad2097cf1b83d60ce0b6968dffa6d02aa1
  md5: 58fd217444c2a5701a44244faf518206
  depends:
  - __osx >=11.0
  license: bzip2-1.0.6
  license_family: BSD
  purls: []
  size: 125061
  timestamp: 1757437486465
- conda: https://conda.anaconda.org/conda-forge/noarch/ca-certificates-2026.1.4-hbd8a1cb_0.conda
  sha256: b5974ec9b50e3c514a382335efa81ed02b05906849827a34061c496f4defa0b2
  md5: bddacf101bb4dd0e51811cb69c7790e2
  depends:
  - __unix
  license: ISC
  purls: []
  size: 146519
  timestamp: 1767500828366
- conda: https://conda.anaconda.org/conda-forge/osx-arm64/cairo-1.16.0-h73a0509_1014.tar.bz2
  sha256: 508c63c893360cee44e82cf550548ae8bbcc96bd26b7f30f9197787a653dd6a1
  md5: be2ea75899a7b1f1dd59a862fac655ee
  depends:
  - fontconfig >=2.13.96,<3.0a0
  - fonts-conda-ecosystem
  - freetype >=2.12.1,<3.0a0
  - icu >=70.1,<71.0a0
  - libglib >=2.72.1,<3.0a0
  - libpng >=1.6.38,<1.7.0a0
  - libzlib >=1.2.12,<2.0.0a0
  - pixman >=0.40.0,<1.0a0
  - zlib >=1.2.12,<1.3.0a0
  license: LGPL-2.1-only or MPL-1.1
  purls: []
  size: 1401434
  timestamp: 1663568643512
- conda: https://conda.anaconda.org/conda-forge/osx-arm64/expat-2.7.3-haf25636_0.conda
  sha256: 43175c9c1f8a259776a215fe2a77c6a29cf79cc47ee1a98f5267ae47f904c9c8
  md5: 884f1698556805bc43c42e80c9c19f3d
  depends:
  - __osx >=11.0
  - libexpat 2.7.3 haf25636_0
  license: MIT
  license_family: MIT
  purls: []
  size: 131515
  timestamp: 1763550010595
- conda: https://conda.anaconda.org/conda-forge/noarch/font-ttf-dejavu-sans-mono-2.37-hab24e00_0.tar.bz2
  sha256: 58d7f40d2940dd0a8aa28651239adbf5613254df0f75789919c4e6762054403b
  md5: 0c96522c6bdaed4b1566d11387caaf45
  license: BSD-3-Clause
  license_family: BSD
  purls: []
  size: 397370
  timestamp: 1566932522327
- conda: https://conda.anaconda.org/conda-forge/noarch/font-ttf-inconsolata-3.000-h77eed37_0.tar.bz2
  sha256: c52a29fdac682c20d252facc50f01e7c2e7ceac52aa9817aaf0bb83f7559ec5c
  md5: 34893075a5c9e55cdafac56607368fc6
  license: OFL-1.1
  license_family: Other
  purls: []
  size: 96530
  timestamp: 1620479909603
- conda: https://conda.anaconda.org/conda-forge/noarch/font-ttf-source-code-pro-2.038-h77eed37_0.tar.bz2
  sha256: 00925c8c055a2275614b4d983e1df637245e19058d79fc7dd1a93b8d9fb4b139
  md5: 4d59c254e01d9cde7957100457e2d5fb
  license: OFL-1.1
  license_family: Other
  purls: []
  size: 700814
  timestamp: 1620479612257
- conda: https://conda.anaconda.org/conda-forge/noarch/font-ttf-ubuntu-0.83-h77eed37_3.conda
  sha256: 2821ec1dc454bd8b9a31d0ed22a7ce22422c0aef163c59f49dfdf915d0f0ca14
  md5: 49023d73832ef61042f6a237cb2687e7
  license: LicenseRef-Ubuntu-Font-Licence-Version-1.0
  license_family: Other
  purls: []
  size: 1620504
  timestamp: 1727511233259
- conda: https://conda.anaconda.org/conda-forge/osx-arm64/fontconfig-2.14.2-h82840c6_0.conda
  sha256: 7094917fc6758186e17c61d8ee8fd2bbbe9f303b4addac61d918fa415c497e2b
  md5: f77d47ddb6d3cc5b39b9bdf65635afbb
  depends:
  - expat >=2.5.0,<3.0a0
  - freetype >=2.12.1,<3.0a0
  - libzlib >=1.2.13,<2.0.0a0
  license: MIT
  license_family: MIT
  purls: []
  size: 237668
  timestamp: 1674829263740
- conda: https://conda.anaconda.org/conda-forge/noarch/fonts-conda-ecosystem-1-0.tar.bz2
  sha256: a997f2f1921bb9c9d76e6fa2f6b408b7fa549edd349a77639c9fe7a23ea93e61
  md5: fee5683a3f04bd15cbd8318b096a27ab
  depends:
  - fonts-conda-forge
  license: BSD-3-Clause
  license_family: BSD
  purls: []
  size: 3667
  timestamp: 1566974674465
- conda: https://conda.anaconda.org/conda-forge/noarch/fonts-conda-forge-1-hc364b38_1.conda
  sha256: 54eea8469786bc2291cc40bca5f46438d3e062a399e8f53f013b6a9f50e98333
  md5: a7970cd949a077b7cb9696379d338681
  depends:
  - font-ttf-ubuntu
  - font-ttf-inconsolata
  - font-ttf-dejavu-sans-mono
  - font-ttf-source-code-pro
  license: BSD-3-Clause
  license_family: BSD
  purls: []
  size: 4059
  timestamp: 1762351264405
- conda: https://conda.anaconda.org/conda-forge/osx-arm64/freetype-2.12.1-hadb7bae_2.conda
  sha256: 791673127e037a2dc0eebe122dc4f904cb3f6e635bb888f42cbe1a76b48748d9
  md5: e6085e516a3e304ce41a8ee08b9b89ad
  depends:
  - libpng >=1.6.39,<1.7.0a0
  - libzlib >=1.2.13,<2.0.0a0
  license: GPL-2.0-only OR FTL
  purls: []
  size: 596430
  timestamp: 1694616332835
- pypi: https://files.pythonhosted.org/packages/46/3e/51e7914c8a640548d1b980140b1bd1419c169bee300a556cfd7f4175444d/gemmi-0.7.4-cp311-cp311-macosx_11_0_arm64.whl
  name: gemmi
  version: 0.7.4
  sha256: ee61dd8579fbe19d658806ca42013e780846a407597777db83abbeb68da7100e
  requires_python: '>=3.8'
- conda: https://conda.anaconda.org/conda-forge/osx-arm64/icu-70.1-h6b3803e_0.tar.bz2
  sha256: 303b558da70167473e4fa5f9a12c547217061c930c13ca3f982d55922437606e
  md5: 5fbe318a6be2e8d0f9b0b0c730a62748
  depends:
  - libcxx >=12.0.1
  license: MIT
  license_family: MIT
  purls: []
  size: 13900799
  timestamp: 1648050828805
- conda: https://conda.anaconda.org/conda-forge/osx-arm64/krb5-1.17.2-h17618d6_0.tar.bz2
  sha256: d855bdffb2965177102b7febfd9c1a0a26e85c5fd1b7dbbc16b1dc61bab1c69e
  md5: 8bfb9056c3e651d4d5fa2cb24a179921
  depends:
  - libcxx >=11.0.0
  - libedit >=3.1.20191231,<3.2.0a0
  - libedit >=3.1.20191231,<4.0a0
  - openssl >=1.1.1h,<1.1.2a
  - tk >=8.6.10,<8.7.0a0
  license: MIT
  license_family: MIT
  purls: []
  size: 1331571
  timestamp: 1605658716250
- conda: https://conda.anaconda.org/conda-forge/osx-arm64/libcxx-21.1.8-hf598326_0.conda
  sha256: 82e228975fd491bcf1071ecd0a6ec2a0fcc5f57eb0bd1d52cb13a18d57c67786
  md5: 780f0251b757564e062187044232c2b7
  depends:
  - __osx >=11.0
  license: Apache-2.0 WITH LLVM-exception
  license_family: Apache
  purls: []
  size: 569118
  timestamp: 1765919724254
- conda: https://conda.anaconda.org/conda-forge/osx-arm64/libedit-3.1.20250104-pl5321hafb1f1b_0.conda
  sha256: 66aa216a403de0bb0c1340a88d1a06adaff66bae2cfd196731aa24db9859d631
  md5: 44083d2d2c2025afca315c7a172eab2b
  depends:
  - ncurses
  - __osx >=11.0
  - ncurses >=6.5,<7.0a0
  license: BSD-2-Clause
  license_family: BSD
  purls: []
  size: 107691
  timestamp: 1738479560845
- conda: https://conda.anaconda.org/conda-forge/osx-arm64/libexpat-2.7.3-haf25636_0.conda
  sha256: fce22610ecc95e6d149e42a42fbc3cc9d9179bd4eb6232639a60f06e080eec98
  md5: b79875dbb5b1db9a4a22a4520f918e1a
  depends:
  - __osx >=11.0
  constrains:
  - expat 2.7.3.*
  license: MIT
  license_family: MIT
  purls: []
  size: 67800
  timestamp: 1763549994166
- conda: https://conda.anaconda.org/conda-forge/osx-arm64/libffi-3.5.2-he5f378a_0.conda
  sha256: 9b8acdf42df61b7bfe8bdc545c016c29e61985e79748c64ad66df47dbc2e295f
  md5: 411ff7cd5d1472bba0f55c0faf04453b
  depends:
  - __osx >=11.0
  license: MIT
  license_family: MIT
  purls: []
  size: 40251
  timestamp: 1760295839166
- conda: https://conda.anaconda.org/conda-forge/osx-arm64/libglib-2.80.2-h535f939_0.conda
  sha256: 3f0c9f25748787ab5475c5ce8267184d6637e8a5b7ca55ef2f3a0d7bff2f537f
  md5: 4ac7cb698ca919924e205af3ab3aacf3
  depends:
  - __osx >=11.0
  - libffi >=3.4,<4.0a0
  - libiconv >=1.17,<2.0a0
  - libintl >=0.22.5,<1.0a0
  - libzlib >=1.2.13,<2.0.0a0
  - pcre2 >=10.43,<10.44.0a0
  constrains:
  - glib 2.80.2 *_0
  license: LGPL-2.1-or-later
  purls: []
  size: 3623970
  timestamp: 1715252979767
- conda: https://conda.anaconda.org/conda-forge/osx-arm64/libiconv-1.18-h23cfdf5_2.conda
  sha256: de0336e800b2af9a40bdd694b03870ac4a848161b35c8a2325704f123f185f03
  md5: 4d5a7445f0b25b6a3ddbb56e790f5251
  depends:
  - __osx >=11.0
  license: LGPL-2.1-only
  purls: []
  size: 750379
  timestamp: 1754909073836
- conda: https://conda.anaconda.org/conda-forge/osx-arm64/libintl-0.25.1-h493aca8_0.conda
  sha256: 99d2cebcd8f84961b86784451b010f5f0a795ed1c08f1e7c76fbb3c22abf021a
  md5: 5103f6a6b210a3912faf8d7db516918c
  depends:
  - __osx >=11.0
  - libiconv >=1.18,<2.0a0
  license: LGPL-2.1-or-later
  purls: []
  size: 90957
  timestamp: 1751558394144
- conda: https://conda.anaconda.org/conda-forge/osx-arm64/liblzma-5.8.1-h39f12f2_2.conda
  sha256: 0cb92a9e026e7bd4842f410a5c5c665c89b2eb97794ffddba519a626b8ce7285
  md5: d6df911d4564d77c4374b02552cb17d1
  depends:
  - __osx >=11.0
  constrains:
  - xz 5.8.1.*
  license: 0BSD
  purls: []
  size: 92286
  timestamp: 1749230283517
- conda: https://conda.anaconda.org/conda-forge/osx-arm64/liblzma-devel-5.8.1-h39f12f2_2.conda
  sha256: 974804430e24f0b00f3a48b67ec10c9f5441c9bb3d82cc0af51ba45b8a75a241
  md5: 1201137f1a5ec9556032ffc04dcdde8d
  depends:
  - __osx >=11.0
  - liblzma 5.8.1 h39f12f2_2
  license: 0BSD
  purls: []
  size: 116244
  timestamp: 1749230297170
- conda: https://conda.anaconda.org/conda-forge/osx-arm64/libpng-1.6.43-h091b4b1_0.conda
  sha256: 66c4713b07408398f2221229a1c1d5df57d65dc0902258113f2d9ecac4772495
  md5: 77e684ca58d82cae9deebafb95b1a2b8
  depends:
  - libzlib >=1.2.13,<2.0.0a0
  license: zlib-acknowledgement
  purls: []
  size: 264177
  timestamp: 1708780447187
- conda: https://conda.anaconda.org/conda-forge/osx-arm64/libpq-12.3-h022277a_3.tar.bz2
  sha256: 9085bc50fa8933cbbff02f1ae59f7c055cc8d6703a2309a96bf14e8416281983
  md5: c71fbbca399a7c74d97eee971ae30c0f
  depends:
  - krb5 >=1.17.1,<1.18.0a0
  - openssl >=1.1.1i,<1.1.2a
  - readline >=8.0,<9.0a0
  - zlib >=1.2.11,<1.3.0a0
  purls: []
  size: 2746076
  timestamp: 1608298277581
- conda: https://conda.anaconda.org/conda-forge/osx-arm64/libsqlite-3.46.0-hfb93653_0.conda
  sha256: 73048f9cb8647d3d3bfe6021c0b7d663e12cffbe9b4f31bd081e713b0a9ad8f9
  md5: 12300188028c9bc02da965128b91b517
  depends:
  - __osx >=11.0
  - libzlib >=1.2.13,<2.0a0
  license: Unlicense
  purls: []
  size: 830198
  timestamp: 1718050644825
- conda: https://conda.anaconda.org/conda-forge/osx-arm64/libuv-1.44.2-hb547adb_1.conda
  sha256: 62ec5250295b088f7ef93971e06cbf1bcd11ea86ad94c7f5a1aeca2af30135e1
  md5: 6991ee4e88e2df061b2635236807f1c5
  license: MIT
  license_family: MIT
  purls: []
  size: 394836
  timestamp: 1690371342414
- conda: https://conda.anaconda.org/conda-forge/osx-arm64/libxml2-2.10.3-h67585b2_4.conda
  sha256: c558d297f34ca1481359e805804559d351882b5130b1dc9c9c3a603bb54a24eb
  md5: 3b3f67d1c9d66e873ca91c87640a1d1b
  depends:
  - icu >=70.1,<71.0a0
  - libiconv >=1.17,<2.0a0
  - libzlib >=1.2.13,<2.0.0a0
  - xz >=5.2.6,<6.0a0
  license: MIT
  license_family: MIT
  purls: []
  size: 597937
  timestamp: 1679341827706
- conda: https://conda.anaconda.org/conda-forge/osx-arm64/libzlib-1.2.13-hfb2fe0b_6.conda
  sha256: 8b29a2386d99b8f58178951dcf19117b532cd9c4aa07623bf1667eae99755d32
  md5: 9c4e121cd926cab631bd1c4a61d18b17
  depends:
  - __osx >=11.0
  constrains:
  - zlib 1.2.13 *_6
  license: Zlib
  license_family: Other
  purls: []
  size: 46768
  timestamp: 1716874151980
- conda: https://conda.anaconda.org/conda-forge/osx-arm64/ncurses-6.5-h5e97a16_3.conda
  sha256: 2827ada40e8d9ca69a153a45f7fd14f32b2ead7045d3bbb5d10964898fe65733
  md5: 068d497125e4bf8a66bf707254fff5ae
  depends:
  - __osx >=11.0
  license: X11 AND BSD-3-Clause
  purls: []
  size: 797030
  timestamp: 1738196177597
- conda: https://conda.anaconda.org/conda-forge/osx-arm64/nodejs-18.12.1-haa6f3e8_0.tar.bz2
  sha256: a7d445a1da231af0f0bde02c6b1678bf5996040f375b04d3d1eecbabfb66bdc0
  md5: 7407aa1f48889fc073ab4d01ff3673c8
  depends:
  - icu >=70.1,<71.0a0
  - libcxx >=14.0.6
  - libuv >=1.44.2,<1.45.0a0
  - libzlib >=1.2.13,<2.0.0a0
  - openssl >=1.1.1s,<1.1.2a
  - zlib
  license: MIT
  license_family: MIT
  purls: []
  size: 12398564
  timestamp: 1668033857466
- conda: https://conda.anaconda.org/conda-forge/osx-arm64/openbabel-3.1.1-py311h6cc52c5_5.tar.bz2
  sha256: 868271c391ac0acbe48ba2282edc098cb648ec9b05b749e44d411d66fc802d61
  md5: edd52c3cbb8879505e8cd49ced7fdd7e
  depends:
  - cairo >=1.16.0,<2.0a0
  - libcxx >=11.1.0
  - libxml2 >=2.10.3,<2.14.0a0
  - libzlib >=1.2.13,<2.0.0a0
  - python >=3.11,<3.12.0a0
  - python >=3.11,<3.12.0a0 *_cpython
  - python_abi 3.11.* *_cp311
  license: GPL-2.0-only
  license_family: GPL
  purls: []
  size: 5282882
  timestamp: 1666987128653
- conda: https://conda.anaconda.org/conda-forge/osx-arm64/openssl-1.1.1w-h53f4e23_0.conda
  sha256: 0d4f19426a152ea4ffb9926ffe2acae3362669ba9504d7eb02c22d23b203442b
  md5: 38578a8fcd49146fb4bc13a1fca305b1
  depends:
  - ca-certificates
  license: OpenSSL
  license_family: Apache
  purls: []
  size: 1652804
  timestamp: 1694461793409
- pypi: https://files.pythonhosted.org/packages/aa/18/a8444036c6dd65ba3624c63b734d3ba95ba63ace513078e1580590075d21/pastel-0.2.1-py2.py3-none-any.whl
  name: pastel
  version: 0.2.1
  sha256: 4349225fcdf6c2bb34d483e523475de5bb04a5c10ef711263452cb37d7dd4364
  requires_python: '>=2.7,!=3.0.*,!=3.1.*,!=3.2.*,!=3.3.*'
- conda: https://conda.anaconda.org/conda-forge/osx-arm64/pcre2-10.43-h26f9a81_0.conda
  sha256: 4bf7b5fa091f5e7ab0b78778458be1e81c1ffa182b63795734861934945a63a7
  md5: 1ddc87f00014612830f3235b5ad6d821
  depends:
  - bzip2 >=1.0.8,<2.0a0
  - libzlib >=1.2.13,<2.0.0a0
  license: BSD-3-Clause
  license_family: BSD
  purls: []
  size: 615219
  timestamp: 1708118184900
- conda: https://conda.anaconda.org/conda-forge/osx-arm64/pixman-0.46.4-h81086ad_1.conda
  sha256: 29c9b08a9b8b7810f9d4f159aecfd205fce051633169040005c0b7efad4bc718
  md5: 17c3d745db6ea72ae2fce17e7338547f
  depends:
  - __osx >=11.0
  - libcxx >=19
  license: MIT
  license_family: MIT
  purls: []
  size: 248045
  timestamp: 1754665282033
- pypi: https://files.pythonhosted.org/packages/fb/bc/73327d12b176abea7a3c6c7d760e1a953992f7b59d72c0354e39d7a353b5/poethepoet-0.40.0-py3-none-any.whl
  name: poethepoet
  version: 0.40.0
  sha256: afd276ae31d5c53573c0c14898118d4848ccee3709b6b0be6a1c6cbe522bbc8a
  requires_dist:
  - pastel>=0.2.1,<0.3.0
  - poetry>=1.2.0,<3.0.0 ; python_full_version < '4' and extra == 'poetry-plugin'
  - pyyaml>=6.0.3,<7.0
  - tomli>=1.3.0 ; python_full_version < '3.11'
  requires_python: '>=3.10'
- conda: https://conda.anaconda.org/conda-forge/osx-arm64/postgresql-12.3-h3cf2113_3.tar.bz2
  sha256: cfe1348f2251d10b8e615036d93f9f813306ed3ac8b37fc8131c7fdfdbd41e2d
  md5: 2fc8356efddfcabb3727ae872dc01206
  depends:
  - krb5 >=1.17.1,<1.18.0a0
  - libpq 12.3 h022277a_3
  - libxml2 >=2.9.10,<2.14.0a0
  - openssl >=1.1.1i,<1.1.2a
  - readline >=8.0,<9.0a0
  - tzcode
  - zlib >=1.2.11,<1.3.0a0
  purls: []
  size: 4559032
  timestamp: 1608298328015
- conda: https://conda.anaconda.org/conda-forge/osx-arm64/python-3.11.0-hf452327_1_cpython.conda
  build_number: 1
  sha256: f64c9e9a8c85ede9ff26f1ec4437a7c5157b312a437b90eaad7bbb5e7aabfb03
  md5: 3287e323f144cf6c80a7e0dd2989b910
  depends:
  - bzip2 >=1.0.8,<2.0a0
  - libffi >=3.4,<4.0a0
  - libsqlite >=3.40.0,<4.0a0
  - libzlib >=1.2.13,<2.0.0a0
  - ncurses >=6.3,<7.0a0
  - openssl >=1.1.1s,<1.1.2a
  - readline >=8.1.2,<9.0a0
  - tk >=8.6.12,<8.7.0a0
  - tzdata
  - xz >=5.2.6,<6.0a0
  constrains:
  - python_abi 3.11.* *_cp311
  license: Python-2.0
  purls: []
  size: 14504914
  timestamp: 1673699425665
- conda: https://conda.anaconda.org/conda-forge/noarch/python_abi-3.11-8_cp311.conda
  build_number: 8
  sha256: fddf123692aa4b1fc48f0471e346400d9852d96eeed77dbfdd746fa50a8ff894
  md5: 8fcb6b0e2161850556231336dae58358
  constrains:
  - python 3.11.* *_cpython
  license: BSD-3-Clause
  license_family: BSD
  purls: []
  size: 7003
  timestamp: 1752805919375
- pypi: https://files.pythonhosted.org/packages/16/19/13de8e4377ed53079ee996e1ab0a9c33ec2faf808a4647b7b4c0d46dd239/pyyaml-6.0.3-cp311-cp311-macosx_11_0_arm64.whl
  name: pyyaml
  version: 6.0.3
  sha256: 652cb6edd41e718550aad172851962662ff2681490a8a711af6a4d288dd96824
  requires_python: '>=3.8'
- conda: https://conda.anaconda.org/conda-forge/osx-arm64/readline-8.3-h46df422_0.conda
  sha256: a77010528efb4b548ac2a4484eaf7e1c3907f2aec86123ed9c5212ae44502477
  md5: f8381319127120ce51e081dce4865cf4
  depends:
  - __osx >=11.0
  - ncurses >=6.5,<7.0a0
  license: GPL-3.0-only
  license_family: GPL
  purls: []
  size: 313930
  timestamp: 1765813902568
- pypi: https://files.pythonhosted.org/packages/1b/9e/0cc2f1be7a7d33cae541824cf3f95b4ff40d03557b575912b5b70273c9ec/ruff-0.14.11-py3-none-macosx_11_0_arm64.whl
  name: ruff
  version: 0.14.11
  sha256: f2fc34cc896f90080fca01259f96c566f74069a04b25b6205d55379d12a6855e
  requires_python: '>=3.7'
- conda: https://conda.anaconda.org/conda-forge/osx-arm64/tk-8.6.13-h5083fa2_1.conda
  sha256: 72457ad031b4c048e5891f3f6cb27a53cb479db68a52d965f796910e71a403a8
  md5: b50a57ba89c32b62428b71a875291c9b
  depends:
  - libzlib >=1.2.13,<2.0.0a0
  license: TCL
  license_family: BSD
  purls: []
  size: 3145523
  timestamp: 1699202432999
- pypi: https://files.pythonhosted.org/packages/d0/30/dc54f88dd4a2b5dc8a0279bdd7270e735851848b762aeb1c1184ed1f6b14/tqdm-4.67.1-py3-none-any.whl
  name: tqdm
  version: 4.67.1
  sha256: 26445eca388f82e72884e0d580d5464cd801a3ea01e63e5601bdff9ba6a48de2
  requires_dist:
  - colorama ; sys_platform == 'win32'
  - pytest>=6 ; extra == 'dev'
  - pytest-cov ; extra == 'dev'
  - pytest-timeout ; extra == 'dev'
  - pytest-asyncio>=0.24 ; extra == 'dev'
  - nbval ; extra == 'dev'
  - requests ; extra == 'discord'
  - slack-sdk ; extra == 'slack'
  - requests ; extra == 'telegram'
  - ipywidgets>=6 ; extra == 'notebook'
  requires_python: '>=3.7'
- pypi: https://files.pythonhosted.org/packages/e1/9c/f576e360441de7a8201daa6dc4ebc362853bc5305e059cceeb02ebdd9a48/ty-0.0.12-py3-none-macosx_11_0_arm64.whl
  name: ty
  version: 0.0.12
  sha256: 1f829e1eecd39c3e1b032149db7ae6a3284f72fc36b42436e65243a9ed1173db
  requires_python: '>=3.8'
- conda: https://conda.anaconda.org/conda-forge/osx-arm64/tzcode-2025c-hc919400_0.conda
  sha256: 4a524002ed0d4551b2de21cf3eba3b7b5e4f585de4ace26d4ea64f5afa005662
  md5: e1753dcdc95bde0de4a04e122a06a2ce
  depends:
  - __osx >=11.0
  license: BSD-3-Clause
  license_family: BSD
  purls: []
  size: 64544
  timestamp: 1765579472997
- conda: https://conda.anaconda.org/conda-forge/noarch/tzdata-2025c-hc9c84f9_1.conda
  sha256: 1d30098909076af33a35017eed6f2953af1c769e273a0626a04722ac4acaba3c
  md5: ad659d0a2b3e47e38d829aa8cad2d610
  license: LicenseRef-Public-Domain
  purls: []
  size: 119135
  timestamp: 1767016325805
- conda: https://conda.anaconda.org/conda-forge/osx-arm64/xz-5.8.1-h9a6d368_2.conda
  sha256: afb747cf017b67cc31d54c6e6c4bd1b1e179fe487a3d23a856232ed7fd0b099b
  md5: 39435c82e5a007ef64cbb153ecc40cfd
  depends:
  - __osx >=11.0
  - liblzma 5.8.1 h39f12f2_2
  - liblzma-devel 5.8.1 h39f12f2_2
  - xz-gpl-tools 5.8.1 h9a6d368_2
  - xz-tools 5.8.1 h39f12f2_2
  license: 0BSD AND LGPL-2.1-or-later AND GPL-2.0-or-later
  purls: []
  size: 23995
  timestamp: 1749230346887
- conda: https://conda.anaconda.org/conda-forge/osx-arm64/xz-gpl-tools-5.8.1-h9a6d368_2.conda
  sha256: a0790cfb48d240e7b655b0d797a00040219cf39e3ee38e2104e548515df4f9c2
  md5: 09b1442c1d49ac7c5f758c44695e77d1
  depends:
  - __osx >=11.0
  - liblzma 5.8.1 h39f12f2_2
  constrains:
  - xz 5.8.1.*
  license: 0BSD AND LGPL-2.1-or-later AND GPL-2.0-or-later
  purls: []
  size: 34103
  timestamp: 1749230329933
- conda: https://conda.anaconda.org/conda-forge/osx-arm64/xz-tools-5.8.1-h39f12f2_2.conda
  sha256: 9d1232705e3d175f600dc8e344af9182d0341cdaa73d25330591a28532951063
  md5: 37996935aa33138fca43e4b4563b6a28
  depends:
  - __osx >=11.0
  - liblzma 5.8.1 h39f12f2_2
  constrains:
  - xz 5.8.1.*
  license: 0BSD AND LGPL-2.1-or-later
  purls: []
  size: 86425
  timestamp: 1749230316106
- conda: https://conda.anaconda.org/conda-forge/osx-arm64/zlib-1.2.13-hfb2fe0b_6.conda
  sha256: c09c9cb6de86d87b9267a6331c74cc8fb05bae5ee7749070a5e8883c3eff5424
  md5: 88cf27df3eff5813734b538461f4c8cf
  depends:
  - __osx >=11.0
  - libzlib 1.2.13 hfb2fe0b_6
  license: Zlib
  license_family: Other
  purls: []
  size: 78193
  timestamp: 1716874169064
